
Microsoft Visual Studio Solution File, Format Version 12.00
# Visual Studio Version 17
VisualStudioVersion = 17.3.32804.467
MinimumVisualStudioVersion = 10.0.40219.1
Project("{FAE04EC0-301F-11D3-BF4B-00C04F79EFBC}") = "WebAppAz204_Udemy2023", "WebAppAz204_Udemy2023\WebAppAz204_Udemy2023.csproj", "{D75168DF-F7B0-49DB-A3AF-BAEB63E8F1AB}"
EndProject
Global
	GlobalSection(SolutionConfigurationPlatforms) = preSolution
		Debug|Any CPU = Debug|Any CPU
		Release|Any CPU = Release|Any CPU
	EndGlobalSection
	GlobalSection(ProjectConfigurationPlatforms) = postSolution
		{D75168DF-F7B0-49DB-A3AF-BAEB63E8F1AB}.Debug|Any CPU.ActiveCfg = Debug|Any CPU
		{D75168DF-F7B0-49DB-A3AF-BAEB63E8F1AB}.Debug|Any CPU.Build.0 = Debug|Any CPU
		{D75168DF-F7B0-49DB-A3AF-BAEB63E8F1AB}.Release|Any CPU.ActiveCfg = Release|Any CPU
		{D75168DF-F7B0-49DB-A3AF-BAEB63E8F1AB}.Release|Any CPU.Build.0 = Release|Any CPU
	EndGlobalSection
	GlobalSection(SolutionProperties) = preSolution
		HideSolutionNode = FALSE
	EndGlobalSection
	GlobalSection(ExtensibilityGlobals) = postSolution
		SolutionGuid = {10891DA9-8D81-4CF6-B02C-1AF1E4112D85}
	EndGlobalSection
EndGlobal
